
Microsoft Visual Studio Solution File, Format Version 10.00
# Visual Studio 2008
Project("{FAE04EC0-301F-11D3-BF4B-00C04F79EFBC}") = "Car Racing Deluxe", "Car Racing Deluxe.csproj", "{97B245ED-D426-4900-88B8-C21E4F8A255E}"
EndProject
Global
	GlobalSection(SolutionConfigurationPlatforms) = preSolution
		Debug|x86 = Debug|x86
		Release|x86 = Release|x86
	EndGlobalSection
	GlobalSection(ProjectConfigurationPlatforms) = postSolution
		{97B245ED-D426-4900-88B8-C21E4F8A255E}.Debug|x86.ActiveCfg = Debug|x86
		{97B245ED-D426-4900-88B8-C21E4F8A255E}.Debug|x86.Build.0 = Debug|x86
		{97B245ED-D426-4900-88B8-C21E4F8A255E}.Release|x86.ActiveCfg = Release|x86
		{97B245ED-D426-4900-88B8-C21E4F8A255E}.Release|x86.Build.0 = Release|x86
		{48731FED-E4D3-49CF-BE26-9A28A840C415}.Debug|x86.ActiveCfg = Debug|x86
		{48731FED-E4D3-49CF-BE26-9A28A840C415}.Release|x86.ActiveCfg = Release|x86
	EndGlobalSection
	GlobalSection(SolutionProperties) = preSolution
		HideSolutionNode = FALSE
	EndGlobalSection
EndGlobal
